
Microsoft Visual Studio Solution File, Format Version 12.00
# Visual Studio Version 16
VisualStudioVersion = 16.0.33328.57
MinimumVisualStudioVersion = 10.0.40219.1
Project("{FAE04EC0-301F-11D3-BF4B-00C04F79EFBC}") = "Zeamart_UKK", "Zeamart_UKK\Zeamart_UKK.csproj", "{6E876E8D-AEA0-4996-BB12-55560CEB6C42}"
EndProject
Global
	GlobalSection(SolutionConfigurationPlatforms) = preSolution
		Debug|Any CPU = Debug|Any CPU
		Release|Any CPU = Release|Any CPU
	EndGlobalSection
	GlobalSection(ProjectConfigurationPlatforms) = postSolution
		{6E876E8D-AEA0-4996-BB12-55560CEB6C42}.Debug|Any CPU.ActiveCfg = Debug|Any CPU
		{6E876E8D-AEA0-4996-BB12-55560CEB6C42}.Debug|Any CPU.Build.0 = Debug|Any CPU
		{6E876E8D-AEA0-4996-BB12-55560CEB6C42}.Release|Any CPU.ActiveCfg = Release|Any CPU
		{6E876E8D-AEA0-4996-BB12-55560CEB6C42}.Release|Any CPU.Build.0 = Release|Any CPU
	EndGlobalSection
	GlobalSection(SolutionProperties) = preSolution
		HideSolutionNode = FALSE
	EndGlobalSection
	GlobalSection(ExtensibilityGlobals) = postSolution
		SolutionGuid = {7841A08B-43C0-41CE-807D-071BF3ACBE41}
	EndGlobalSection
EndGlobal
